
Microsoft Visual Studio Solution File, Format Version 12.00
# Visual Studio Version 17
VisualStudioVersion = 17.4.33205.214
MinimumVisualStudioVersion = 10.0.40219.1
Project("{FAE04EC0-301F-11D3-BF4B-00C04F79EFBC}") = "ChessOpeningsApp", "ChessOpeningsApp\ChessOpeningsApp.csproj", "{D023E593-6755-4E50-9BFF-B6C6F068CAF0}"
EndProject
Project("{FAE04EC0-301F-11D3-BF4B-00C04F79EFBC}") = "ChessOpeningsTests", "ChessOpeningsTests\ChessOpeningsTests.csproj", "{1EBACA3F-9970-44B5-A970-79414665B243}"
EndProject
Global
	GlobalSection(SolutionConfigurationPlatforms) = preSolution
		Debug|Any CPU = Debug|Any CPU
		Release|Any CPU = Release|Any CPU
	EndGlobalSection
	GlobalSection(ProjectConfigurationPlatforms) = postSolution
		{D023E593-6755-4E50-9BFF-B6C6F068CAF0}.Debug|Any CPU.ActiveCfg = Debug|Any CPU
		{D023E593-6755-4E50-9BFF-B6C6F068CAF0}.Debug|Any CPU.Build.0 = Debug|Any CPU
		{D023E593-6755-4E50-9BFF-B6C6F068CAF0}.Release|Any CPU.ActiveCfg = Release|Any CPU
		{D023E593-6755-4E50-9BFF-B6C6F068CAF0}.Release|Any CPU.Build.0 = Release|Any CPU
		{1EBACA3F-9970-44B5-A970-79414665B243}.Debug|Any CPU.ActiveCfg = Debug|Any CPU
		{1EBACA3F-9970-44B5-A970-79414665B243}.Debug|Any CPU.Build.0 = Debug|Any CPU
		{1EBACA3F-9970-44B5-A970-79414665B243}.Release|Any CPU.ActiveCfg = Release|Any CPU
		{1EBACA3F-9970-44B5-A970-79414665B243}.Release|Any CPU.Build.0 = Release|Any CPU
	EndGlobalSection
	GlobalSection(SolutionProperties) = preSolution
		HideSolutionNode = FALSE
	EndGlobalSection
	GlobalSection(ExtensibilityGlobals) = postSolution
		SolutionGuid = {5D266E43-3EB1-42B3-AF8E-CF5084AD416E}
	EndGlobalSection
EndGlobal
